{
  "name": "new-ajs",
  "version": "1.0.0",
  "lockfileVersion": 2,
  "requires": true,
  "packages": {
    "": {
      "name": "new-ajs",
      "version": "1.0.0",
      "license": "ISC",
      "dependencies": {
        "@el-elena/ajs": "^1.0.0"
      }
    },
    "node_modules/@el-elena/ajs": {
      "version": "1.0.0",
      "resolved": "https://npm.pkg.github.com/download/@el-elena/ajs/1.0.0/1d11bb9d2929d6ec74e91dcc77ed3628b7dedc7e",
      "integrity": "sha512-21vIkQXsRxpZp8jDX9UG8K689ZzAepVotZ1XS6E7z1rXq8FXmdmKqzAB+s/XwLamkIaPotW/BLVixHdyy9hmaA==",
      "license": "ISC"
    }
  },
  "dependencies": {
    "@el-elena/ajs": {
      "version": "1.0.0",
      "resolved": "https://npm.pkg.github.com/download/@el-elena/ajs/1.0.0/1d11bb9d2929d6ec74e91dcc77ed3628b7dedc7e",
      "integrity": "sha512-21vIkQXsRxpZp8jDX9UG8K689ZzAepVotZ1XS6E7z1rXq8FXmdmKqzAB+s/XwLamkIaPotW/BLVixHdyy9hmaA=="
    }
  }
}
